
Microsoft Visual Studio Solution File, Format Version 12.00
# Visual Studio Version 17
VisualStudioVersion = 17.13.35806.99 d17.13
MinimumVisualStudioVersion = 10.0.40219.1
Project("{FAE04EC0-301F-11D3-BF4B-00C04F79EFBC}") = "CET2007_Week8_Workshop", "CET2007_Week8_Workshop\CET2007_Week8_Workshop.csproj", "{AE395A0C-D1C2-4B22-8C97-A0E238B52242}"
EndProject
Global
	GlobalSection(SolutionConfigurationPlatforms) = preSolution
		Debug|Any CPU = Debug|Any CPU
		Release|Any CPU = Release|Any CPU
	EndGlobalSection
	GlobalSection(ProjectConfigurationPlatforms) = postSolution
		{AE395A0C-D1C2-4B22-8C97-A0E238B52242}.Debug|Any CPU.ActiveCfg = Debug|Any CPU
		{AE395A0C-D1C2-4B22-8C97-A0E238B52242}.Debug|Any CPU.Build.0 = Debug|Any CPU
		{AE395A0C-D1C2-4B22-8C97-A0E238B52242}.Release|Any CPU.ActiveCfg = Release|Any CPU
		{AE395A0C-D1C2-4B22-8C97-A0E238B52242}.Release|Any CPU.Build.0 = Release|Any CPU
	EndGlobalSection
	GlobalSection(SolutionProperties) = preSolution
		HideSolutionNode = FALSE
	EndGlobalSection
	GlobalSection(ExtensibilityGlobals) = postSolution
		SolutionGuid = {0861BE71-22A9-48D4-B1A3-7436BBE8C633}
	EndGlobalSection
EndGlobal
